<Solution>
  <Folder Name="/items/">
    <File Path="DependencyRules.json" />
    <File Path="Directory.Build.props" />
    <File Path="Directory.Build.targets" />
    <File Path="Nuget.Config" />
    <File Path="README.md" />
  </Folder>
  <Project Path="ClassA\ClassA.csproj" />
  <Project Path="ClassB\ClassB.csproj" />
  <Project Path="ClassC\ClassC.csproj" />
</Solution>
